{
  "name": "test-print-project",
  "version": "1.0.0",
  "lockfileVersion": 3,
  "requires": true,
  "packages": {
    "": {
      "name": "test-print-project",
      "version": "1.0.0",
      "license": "ISC",
      "dependencies": {
        "print-project": "file:.."
      }
    },
    "..": {
      "version": "1.0.21",
      "license": "MIT",
      "dependencies": {
        "commander": "^12.1.0"
      },
      "bin": {
        "pprint": "dist/index.js",
        "print-project": "dist/index.js"
      },
      "devDependencies": {
        "ts-node": "^10.9.2",
        "typescript": "^5.0.4"
      }
    },
    "node_modules/print-project": {
      "resolved": "..",
      "link": true
    }
  }
}
